
Microsoft Visual Studio Solution File, Format Version 12.00
Project("{FAE04EC0-301F-11D3-BF4B-00C04F79EFBC}") = "user_service_api", "user_service_api.csproj", "{D958AF79-E9FB-4AFB-BE1D-449F96A26C01}"
EndProject
Global
	GlobalSection(SolutionConfigurationPlatforms) = preSolution
		Debug|Any CPU = Debug|Any CPU
		Release|Any CPU = Release|Any CPU
	EndGlobalSection
	GlobalSection(ProjectConfigurationPlatforms) = postSolution
		{D958AF79-E9FB-4AFB-BE1D-449F96A26C01}.Debug|Any CPU.ActiveCfg = Debug|Any CPU
		{D958AF79-E9FB-4AFB-BE1D-449F96A26C01}.Debug|Any CPU.Build.0 = Debug|Any CPU
		{D958AF79-E9FB-4AFB-BE1D-449F96A26C01}.Release|Any CPU.ActiveCfg = Release|Any CPU
		{D958AF79-E9FB-4AFB-BE1D-449F96A26C01}.Release|Any CPU.Build.0 = Release|Any CPU
	EndGlobalSection
EndGlobal
